# THIS IS AN AUTOGENERATED FILE. DO NOT EDIT THIS FILE DIRECTLY.
# yarn lockfile v1


"nodemailer@^6.6.5":
  "integrity" "sha512-C/v856DBijUzHcHIgGpQoTrfsH3suKIRAGliIzCstatM2cAa+MYX3LuyCrABiO/cdJTxgBBHXxV1ztiqUwst5A=="
  "resolved" "https://registry.npmjs.org/nodemailer/-/nodemailer-6.6.5.tgz"
  "version" "6.6.5"
